
Microsoft Visual Studio Solution File, Format Version 12.00
# Visual Studio Version 16
VisualStudioVersion = 16.0.30804.86
MinimumVisualStudioVersion = 10.0.40219.1
Project("{9A19103F-16F7-4668-BE54-9A1E7A4F7556}") = "ders1", "ders1\ders1.csproj", "{C18D2075-2FBF-47ED-844A-BCFE8D3DF375}"
EndProject
Project("{FAE04EC0-301F-11D3-BF4B-00C04F79EFBC}") = "ders2", "ders2\ders2.csproj", "{0416C4F7-84B3-43B0-8426-A77E42E9460A}"
EndProject
Global
	GlobalSection(SolutionConfigurationPlatforms) = preSolution
		Debug|Any CPU = Debug|Any CPU
		Release|Any CPU = Release|Any CPU
	EndGlobalSection
	GlobalSection(ProjectConfigurationPlatforms) = postSolution
		{C18D2075-2FBF-47ED-844A-BCFE8D3DF375}.Debug|Any CPU.ActiveCfg = Debug|Any CPU
		{C18D2075-2FBF-47ED-844A-BCFE8D3DF375}.Debug|Any CPU.Build.0 = Debug|Any CPU
		{C18D2075-2FBF-47ED-844A-BCFE8D3DF375}.Release|Any CPU.ActiveCfg = Release|Any CPU
		{C18D2075-2FBF-47ED-844A-BCFE8D3DF375}.Release|Any CPU.Build.0 = Release|Any CPU
		{0416C4F7-84B3-43B0-8426-A77E42E9460A}.Debug|Any CPU.ActiveCfg = Debug|Any CPU
		{0416C4F7-84B3-43B0-8426-A77E42E9460A}.Debug|Any CPU.Build.0 = Debug|Any CPU
		{0416C4F7-84B3-43B0-8426-A77E42E9460A}.Release|Any CPU.ActiveCfg = Release|Any CPU
		{0416C4F7-84B3-43B0-8426-A77E42E9460A}.Release|Any CPU.Build.0 = Release|Any CPU
	EndGlobalSection
	GlobalSection(SolutionProperties) = preSolution
		HideSolutionNode = FALSE
	EndGlobalSection
	GlobalSection(ExtensibilityGlobals) = postSolution
		SolutionGuid = {E0766A55-BE1B-44CE-B16C-25A6AC546C7D}
	EndGlobalSection
EndGlobal
